
Microsoft Visual Studio Solution File, Format Version 12.00
# Visual Studio 2012
Project("{FAE04EC0-301F-11D3-BF4B-00C04F79EFBC}") = "Crawl.Scraper.CLI", "Scraper\CLI\Crawl.Scraper.CLI.csproj", "{0DFC335B-542D-42A6-B79F-014638362B8A}"
EndProject
Project("{FAE04EC0-301F-11D3-BF4B-00C04F79EFBC}") = "Crawl.Scraper", "Scraper\Crawl.Scraper.csproj", "{4FE0A465-702F-4F14-B8AE-3AC6B9BA70ED}"
EndProject
Global
	GlobalSection(SolutionConfigurationPlatforms) = preSolution
		Debug|Any CPU = Debug|Any CPU
		Release|Any CPU = Release|Any CPU
	EndGlobalSection
	GlobalSection(ProjectConfigurationPlatforms) = postSolution
		{0DFC335B-542D-42A6-B79F-014638362B8A}.Debug|Any CPU.ActiveCfg = Debug|Any CPU
		{0DFC335B-542D-42A6-B79F-014638362B8A}.Debug|Any CPU.Build.0 = Debug|Any CPU
		{0DFC335B-542D-42A6-B79F-014638362B8A}.Release|Any CPU.ActiveCfg = Release|Any CPU
		{0DFC335B-542D-42A6-B79F-014638362B8A}.Release|Any CPU.Build.0 = Release|Any CPU
		{4FE0A465-702F-4F14-B8AE-3AC6B9BA70ED}.Debug|Any CPU.ActiveCfg = Debug|Any CPU
		{4FE0A465-702F-4F14-B8AE-3AC6B9BA70ED}.Debug|Any CPU.Build.0 = Debug|Any CPU
		{4FE0A465-702F-4F14-B8AE-3AC6B9BA70ED}.Release|Any CPU.ActiveCfg = Release|Any CPU
		{4FE0A465-702F-4F14-B8AE-3AC6B9BA70ED}.Release|Any CPU.Build.0 = Release|Any CPU
	EndGlobalSection
	GlobalSection(SolutionProperties) = preSolution
		HideSolutionNode = FALSE
	EndGlobalSection
EndGlobal
